
Microsoft Visual Studio Solution File, Format Version 12.00
Project("{FAE04EC0-301F-11D3-BF4B-00C04F79EFBC}") = "EF6Play.Host", "EF6Play.Host\EF6Play.Host.csproj", "{48A59EE9-7199-4939-8053-64619D22676C}"
EndProject
Global
	GlobalSection(SolutionConfigurationPlatforms) = preSolution
		Debug|Any CPU = Debug|Any CPU
		Release|Any CPU = Release|Any CPU
	EndGlobalSection
	GlobalSection(ProjectConfigurationPlatforms) = postSolution
		{48A59EE9-7199-4939-8053-64619D22676C}.Debug|Any CPU.ActiveCfg = Debug|Any CPU
		{48A59EE9-7199-4939-8053-64619D22676C}.Debug|Any CPU.Build.0 = Debug|Any CPU
		{48A59EE9-7199-4939-8053-64619D22676C}.Release|Any CPU.ActiveCfg = Release|Any CPU
		{48A59EE9-7199-4939-8053-64619D22676C}.Release|Any CPU.Build.0 = Release|Any CPU
	EndGlobalSection
EndGlobal
